// !$*UTF8*$!
{
	archiveVersion = 1;
	classes = {
	};
	objectVersion = 50;
	objects = {

/* Begin PBXBuildFile section */
		C4EDCC9926883C3100DC397B /* AppDelegate.swift in Sources */ = {isa = PBXBuildFile; fileRef = C4EDCC9826883C3100DC397B /* AppDelegate.swift */; };
		C4EDCC9B26883C3100DC397B /* SceneDelegate.swift in Sources */ = {isa = PBXBuildFile; fileRef = C4EDCC9A26883C3100DC397B /* SceneDelegate.swift */; };
		C4EDCC9D26883C3100DC397B /* ViewController.swift in Sources */ = {isa = PBXBuildFile; fileRef = C4EDCC9C26883C3100DC397B /* ViewController.swift */; };
		C4EDCCA026883C3100DC397B /* Main.storyboard in Resources */ = {isa = PBXBuildFile; fileRef = C4EDCC9E26883C3100DC397B /* Main.storyboard */; };
		C4EDCCA226883C3200DC397B /* Assets.xcassets in Resources */ = {isa = PBXBuildFile; fileRef = C4EDCCA126883C3200DC397B /* Assets.xcassets */; };
		C4EDCCA526883C3200DC397B /* LaunchScreen.storyboard in Resources */ = {isa = PBXBuildFile; fileRef = C4EDCCA326883C3200DC397B /* LaunchScreen.storyboard */; };
		C4EDCCB026883C3200DC397B /* WorldTrotterTests.swift in Sources */ = {isa = PBXBuildFile; fileRef = C4EDCCAF26883C3200DC397B /* WorldTrotterTests.swift */; };
		C4EDCCBB26883C3200DC397B /* WorldTrotterUITests.swift in Sources */ = {isa = PBXBuildFile; fileRef = C4EDCCBA26883C3200DC397B /* WorldTrotterUITests.swift */; };
/* End PBXBuildFile section */

/* Begin PBXContainerItemProxy section */
		C4EDCCAC26883C3200DC397B /* PBXContainerItemProxy */ = {
			isa = PBXContainerItemProxy;
			containerPortal = C4EDCC8D26883C3100DC397B /* Project object */;
			proxyType = 1;
			remoteGlobalIDString = C4EDCC9426883C3100DC397B;
			remoteInfo = WorldTrotter;
		};
		C4EDCCB726883C3200DC397B /* PBXContainerItemProxy */ = {
			isa = PBXContainerItemProxy;
			containerPortal = C4EDCC8D26883C3100DC397B /* Project object */;
			proxyType = 1;
			remoteGlobalIDString = C4EDCC9426883C3100DC397B;
			remoteInfo = WorldTrotter;
		};
/* End PBXContainerItemProxy section */

/* Begin PBXFileReference section */
		C4EDCC9526883C3100DC397B /* WorldTrotter.app */ = {isa = PBXFileReference; explicitFileType = wrapper.application; includeInIndex = 0; path = WorldTrotter.app; sourceTree = BUILT_PRODUCTS_DIR; };
		C4EDCC9826883C3100DC397B /* AppDelegate.swift */ = {isa = PBXFileReference; lastKnownFileType = sourcecode.swift; path = AppDelegate.swift; sourceTree = "<group>"; };
		C4EDCC9A26883C3100DC397B /* SceneDelegate.swift */ = {isa = PBXFileReference; lastKnownFileType = sourcecode.swift; path = SceneDelegate.swift; sourceTree = "<group>"; };
		C4EDCC9C26883C3100DC397B /* ViewController.swift */ = {isa = PBXFileReference; lastKnownFileType = sourcecode.swift; path = ViewController.swift; sourceTree = "<group>"; };
		C4EDCC9F26883C3100DC397B /* Base */ = {isa = PBXFileReference; lastKnownFileType = file.storyboard; name = Base; path = Base.lproj/Main.storyboard; sourceTree = "<group>"; };
		C4EDCCA126883C3200DC397B /* Assets.xcassets */ = {isa = PBXFileReference; lastKnownFileType = folder.assetcatalog; path = Assets.xcassets; sourceTree = "<group>"; };
		C4EDCCA426883C3200DC397B /* Base */ = {isa = PBXFileReference; lastKnownFileType = file.storyboard; name = Base; path = Base.lproj/LaunchScreen.storyboard; sourceTree = "<group>"; };
		C4EDCCA626883C3200DC397B /* Info.plist */ = {isa = PBXFileReference; lastKnownFileType = text.plist.xml; path = Info.plist; sourceTree = "<group>"; };
		C4EDCCAB26883C3200DC397B /* WorldTrotterTests.xctest */ = {isa = PBXFileReference; explicitFileType = wrapper.cfbundle; includeInIndex = 0; path = WorldTrotterTests.xctest; sourceTree = BUILT_PRODUCTS_DIR; };
		C4EDCCAF26883C3200DC397B /* WorldTrotterTests.swift */ = {isa = PBXFileReference; lastKnownFileType = sourcecode.swift; path = WorldTrotterTests.swift; sourceTree = "<group>"; };
		C4EDCCB126883C3200DC397B /* Info.plist */ = {isa = PBXFileReference; lastKnownFileType = text.plist.xml; path = Info.plist; sourceTree = "<group>"; };
		C4EDCCB626883C3200DC397B /* WorldTrotterUITests.xctest */ = {isa = PBXFileReference; explicitFileType = wrapper.cfbundle; includeInIndex = 0; path = WorldTrotterUITests.xctest; sourceTree = BUILT_PRODUCTS_DIR; };
		C4EDCCBA26883C3200DC397B /* WorldTrotterUITests.swift */ = {isa = PBXFileReference; lastKnownFileType = sourcecode.swift; path = WorldTrotterUITests.swift; sourceTree = "<group>"; };
		C4EDCCBC26883C3200DC397B /* Info.plist */ = {isa = PBXFileReference; lastKnownFileType = text.plist.xml; path = Info.plist; sourceTree = "<group>"; };
/* End PBXFileReference section */

/* Begin PBXFrameworksBuildPhase section */
		C4EDCC9226883C3100DC397B /* Frameworks */ = {
			isa = PBXFrameworksBuildPhase;
			buildActionMask = 2147483647;
			files = (
			);
			runOnlyForDeploymentPostprocessing = 0;
		};
		C4EDCCA826883C3200DC397B /* Frameworks */ = {
			isa = PBXFrameworksBuildPhase;
			buildActionMask = 2147483647;
			files = (
			);
			runOnlyForDeploymentPostprocessing = 0;
		};
		C4EDCCB326883C3200DC397B /* Frameworks */ = {
			isa = PBXFrameworksBuildPhase;
			buildActionMask = 2147483647;
			files = (
			);
			runOnlyForDeploymentPostprocessing = 0;
		};
/* End PBXFrameworksBuildPhase section */

/* Begin PBXGroup section */
		C4EDCC8C26883C3100DC397B = {
			isa = PBXGroup;
			children = (
				C4EDCC9726883C3100DC397B /* WorldTrotter */,
				C4EDCCAE26883C3200DC397B /* WorldTrotterTests */,
				C4EDCCB926883C3200DC397B /* WorldTrotterUITests */,
				C4EDCC9626883C3100DC397B /* Products */,
			);
			sourceTree = "<group>";
		};
		C4EDCC9626883C3100DC397B /* Products */ = {
			isa = PBXGroup;
			children = (
				C4EDCC9526883C3100DC397B /* WorldTrotter.app */,
				C4EDCCAB26883C3200DC397B /* WorldTrotterTests.xctest */,
				C4EDCCB626883C3200DC397B /* WorldTrotterUITests.xctest */,
			);
			name = Products;
			sourceTree = "<group>";
		};
		C4EDCC9726883C3100DC397B /* WorldTrotter */ = {
			isa = PBXGroup;
			children = (
				C4EDCC9826883C3100DC397B /* AppDelegate.swift */,
				C4EDCC9A26883C3100DC397B /* SceneDelegate.swift */,
				C4EDCC9C26883C3100DC397B /* ViewController.swift */,
				C4EDCC9E26883C3100DC397B /* Main.storyboard */,
				C4EDCCA126883C3200DC397B /* Assets.xcassets */,
				C4EDCCA326883C3200DC397B /* LaunchScreen.storyboard */,
				C4EDCCA626883C3200DC397B /* Info.plist */,
			);
			path = WorldTrotter;
			sourceTree = "<group>";
		};
		C4EDCCAE26883C3200DC397B /* WorldTrotterTests */ = {
			isa = PBXGroup;
			children = (
				C4EDCCAF26883C3200DC397B /* WorldTrotterTests.swift */,
				C4EDCCB126883C3200DC397B /* Info.plist */,
			);
			path = WorldTrotterTests;
			sourceTree = "<group>";
		};
		C4EDCCB926883C3200DC397B /* WorldTrotterUITests */ = {
			isa = PBXGroup;
			children = (
				C4EDCCBA26883C3200DC397B /* WorldTrotterUITests.swift */,
				C4EDCCBC26883C3200DC397B /* Info.plist */,
			);
			path = WorldTrotterUITests;
			sourceTree = "<group>";
		};
/* End PBXGroup section */

/* Begin PBXNativeTarget section */
		C4EDCC9426883C3100DC397B /* WorldTrotter */ = {
			isa = PBXNativeTarget;
			buildConfigurationList = C4EDCCBF26883C3200DC397B /* Build configuration list for PBXNativeTarget "WorldTrotter" */;
			buildPhases = (
				C4EDCC9126883C3100DC397B /* Sources */,
				C4EDCC9226883C3100DC397B /* Frameworks */,
				C4EDCC9326883C3100DC397B /* Resources */,
			);
			buildRules = (
			);
			dependencies = (
			);
			name = WorldTrotter;
			productName = WorldTrotter;
			productReference = C4EDCC9526883C3100DC397B /* WorldTrotter.app */;
			productType = "com.apple.product-type.application";
		};
		C4EDCCAA26883C3200DC397B /* WorldTrotterTests */ = {
			isa = PBXNativeTarget;
			buildConfigurationList = C4EDCCC226883C3200DC397B /* Build configuration list for PBXNativeTarget "WorldTrotterTests" */;
			buildPhases = (
				C4EDCCA726883C3200DC397B /* Sources */,
				C4EDCCA826883C3200DC397B /* Frameworks */,
				C4EDCCA926883C3200DC397B /* Resources */,
			);
			buildRules = (
			);
			dependencies = (
				C4EDCCAD26883C3200DC397B /* PBXTargetDependency */,
			);
			name = WorldTrotterTests;
			productName = WorldTrotterTests;
			productReference = C4EDCCAB26883C3200DC397B /* WorldTrotterTests.xctest */;
			productType = "com.apple.product-type.bundle.unit-test";
		};
		C4EDCCB526883C3200DC397B /* WorldTrotterUITests */ = {
			isa = PBXNativeTarget;
			buildConfigurationList = C4EDCCC526883C3200DC397B /* Build configuration list for PBXNativeTarget "WorldTrotterUITests" */;
			buildPhases = (
				C4EDCCB226883C3200DC397B /* Sources */,
				C4EDCCB326883C3200DC397B /* Frameworks */,
				C4EDCCB426883C3200DC397B /* Resources */,
			);
			buildRules = (
			);
			dependencies = (
				C4EDCCB826883C3200DC397B /* PBXTargetDependency */,
			);
			name = WorldTrotterUITests;
			productName = WorldTrotterUITests;
			productReference = C4EDCCB626883C3200DC397B /* WorldTrotterUITests.xctest */;
			productType = "com.apple.product-type.bundle.ui-testing";
		};
/* End PBXNativeTarget section */

/* Begin PBXProject section */
		C4EDCC8D26883C3100DC397B /* Project object */ = {
			isa = PBXProject;
			attributes = {
				LastSwiftUpdateCheck = 1230;
				LastUpgradeCheck = 1230;
				TargetAttributes = {
					C4EDCC9426883C3100DC397B = {
						CreatedOnToolsVersion = 12.3;
					};
					C4EDCCAA26883C3200DC397B = {
						CreatedOnToolsVersion = 12.3;
						TestTargetID = C4EDCC9426883C3100DC397B;
					};
					C4EDCCB526883C3200DC397B = {
						CreatedOnToolsVersion = 12.3;
						TestTargetID = C4EDCC9426883C3100DC397B;
					};
				};
			};
			buildConfigurationList = C4EDCC9026883C3100DC397B /* Build configuration list for PBXProject "WorldTrotter" */;
			compatibilityVersion = "Xcode 9.3";
			developmentRegion = en;
			hasScannedForEncodings = 0;
			knownRegions = (
				en,
				Base,
			);
			mainGroup = C4EDCC8C26883C3100DC397B;
			productRefGroup = C4EDCC9626883C3100DC397B /* Products */;
			projectDirPath = "";
			projectRoot = "";
			targets = (
				C4EDCC9426883C3100DC397B /* WorldTrotter */,
				C4EDCCAA26883C3200DC397B /* WorldTrotterTests */,
				C4EDCCB526883C3200DC397B /* WorldTrotterUITests */,
			);
		};
/* End PBXProject section */

/* Begin PBXResourcesBuildPhase section */
		C4EDCC9326883C3100DC397B /* Resources */ = {
			isa = PBXResourcesBuildPhase;
			buildActionMask = 2147483647;
			files = (
				C4EDCCA526883C3200DC397B /* LaunchScreen.storyboard in Resources */,
				C4EDCCA226883C3200DC397B /* Assets.xcassets in Resources */,
				C4EDCCA026883C3100DC397B /* Main.storyboard in Resources */,
			);
			runOnlyForDeploymentPostprocessing = 0;
		};
		C4EDCCA926883C3200DC397B /* Resources */ = {
			isa = PBXResourcesBuildPhase;
			buildActionMask = 2147483647;
			files = (
			);
			runOnlyForDeploymentPostprocessing = 0;
		};
		C4EDCCB426883C3200DC397B /* Resources */ = {
			isa = PBXResourcesBuildPhase;
			buildActionMask = 2147483647;
			files = (
			);
			runOnlyForDeploymentPostprocessing = 0;
		};
/* End PBXResourcesBuildPhase section */

/* Begin PBXSourcesBuildPhase section */
		C4EDCC9126883C3100DC397B /* Sources */ = {
			isa = PBXSourcesBuildPhase;
			buildActionMask = 2147483647;
			files = (
				C4EDCC9D26883C3100DC397B /* ViewController.swift in Sources */,
				C4EDCC9926883C3100DC397B /* AppDelegate.swift in Sources */,
				C4EDCC9B26883C3100DC397B /* SceneDelegate.swift in Sources */,
			);
			runOnlyForDeploymentPostprocessing = 0;
		};
		C4EDCCA726883C3200DC397B /* Sources */ = {
			isa = PBXSourcesBuildPhase;
			buildActionMask = 2147483647;
			files = (
				C4EDCCB026883C3200DC397B /* WorldTrotterTests.swift in Sources */,
			);
			runOnlyForDeploymentPostprocessing = 0;
		};
		C4EDCCB226883C3200DC397B /* Sources */ = {
			isa = PBXSourcesBuildPhase;
			buildActionMask = 2147483647;
			files = (
				C4EDCCBB26883C3200DC397B /* WorldTrotterUITests.swift in Sources */,
			);
			runOnlyForDeploymentPostprocessing = 0;
		};
/* End PBXSourcesBuildPhase section */

/* Begin PBXTargetDependency section */
		C4EDCCAD26883C3200DC397B /* PBXTargetDependency */ = {
			isa = PBXTargetDependency;
			target = C4EDCC9426883C3100DC397B /* WorldTrotter */;
			targetProxy = C4EDCCAC26883C3200DC397B /* PBXContainerItemProxy */;
		};
		C4EDCCB826883C3200DC397B /* PBXTargetDependency */ = {
			isa = PBXTargetDependency;
			target = C4EDCC9426883C3100DC397B /* WorldTrotter */;
			targetProxy = C4EDCCB726883C3200DC397B /* PBXContainerItemProxy */;
		};
/* End PBXTargetDependency section */

/* Begin PBXVariantGroup section */
		C4EDCC9E26883C3100DC397B /* Main.storyboard */ = {
			isa = PBXVariantGroup;
			children = (
				C4EDCC9F26883C3100DC397B /* Base */,
			);
			name = Main.storyboard;
			sourceTree = "<group>";
		};
		C4EDCCA326883C3200DC397B /* LaunchScreen.storyboard */ = {
			isa = PBXVariantGroup;
			children = (
				C4EDCCA426883C3200DC397B /* Base */,
			);
			name = LaunchScreen.storyboard;
			sourceTree = "<group>";
		};
/* End PBXVariantGroup section */

/* Begin XCBuildConfiguration section */
		C4EDCCBD26883C3200DC397B /* Debug */ = {
			isa = XCBuildConfiguration;
			buildSettings = {
				ALWAYS_SEARCH_USER_PATHS = NO;
				CLANG_ANALYZER_NONNULL = YES;
				CLANG_ANALYZER_NUMBER_OBJECT_CONVERSION = YES_AGGRESSIVE;
				CLANG_CXX_LANGUAGE_STANDARD = "gnu++14";
				CLANG_CXX_LIBRARY = "libc++";
				CLANG_ENABLE_MODULES = YES;
				CLANG_ENABLE_OBJC_ARC = YES;
				CLANG_ENABLE_OBJC_WEAK = YES;
				CLANG_WARN_BLOCK_CAPTURE_AUTORELEASING = YES;
				CLANG_WARN_BOOL_CONVERSION = YES;
				CLANG_WARN_COMMA = YES;
				CLANG_WARN_CONSTANT_CONVERSION = YES;
				CLANG_WARN_DEPRECATED_OBJC_IMPLEMENTATIONS = YES;
				CLANG_WARN_DIRECT_OBJC_ISA_USAGE = YES_ERROR;
				CLANG_WARN_DOCUMENTATION_COMMENTS = YES;
				CLANG_WARN_EMPTY_BODY = YES;
				CLANG_WARN_ENUM_CONVERSION = YES;
				CLANG_WARN_INFINITE_RECURSION = YES;
				CLANG_WARN_INT_CONVERSION = YES;
				CLANG_WARN_NON_LITERAL_NULL_CONVERSION = YES;
				CLANG_WARN_OBJC_IMPLICIT_RETAIN_SELF = YES;
				CLANG_WARN_OBJC_LITERAL_CONVERSION = YES;
				CLANG_WARN_OBJC_ROOT_CLASS = YES_ERROR;
				CLANG_WARN_QUOTED_INCLUDE_IN_FRAMEWORK_HEADER = YES;
				CLANG_WARN_RANGE_LOOP_ANALYSIS = YES;
				CLANG_WARN_STRICT_PROTOTYPES = YES;
				CLANG_WARN_SUSPICIOUS_MOVE = YES;
				CLANG_WARN_UNGUARDED_AVAILABILITY = YES_AGGRESSIVE;
				CLANG_WARN_UNREACHABLE_CODE = YES;
				CLANG_WARN__DUPLICATE_METHOD_MATCH = YES;
				COPY_PHASE_STRIP = NO;
				DEBUG_INFORMATION_FORMAT = dwarf;
				ENABLE_STRICT_OBJC_MSGSEND = YES;
				ENABLE_TESTABILITY = YES;
				GCC_C_LANGUAGE_STANDARD = gnu11;
				GCC_DYNAMIC_NO_PIC = NO;
				GCC_NO_COMMON_BLOCKS = YES;
				GCC_OPTIMIZATION_LEVEL = 0;
				GCC_PREPROCESSOR_DEFINITIONS = (
					"DEBUG=1",
					"$(inherited)",
				);
				GCC_WARN_64_TO_32_BIT_CONVERSION = YES;
				GCC_WARN_ABOUT_RETURN_TYPE = YES_ERROR;
				GCC_WARN_UNDECLARED_SELECTOR = YES;
				GCC_WARN_UNINITIALIZED_AUTOS = YES_AGGRESSIVE;
				GCC_WARN_UNUSED_FUNCTION = YES;
				GCC_WARN_UNUSED_VARIABLE = YES;
				IPHONEOS_DEPLOYMENT_TARGET = 14.3;
				MTL_ENABLE_DEBUG_INFO = INCLUDE_SOURCE;
				MTL_FAST_MATH = YES;
				ONLY_ACTIVE_ARCH = YES;
				SDKROOT = iphoneos;
				SWIFT_ACTIVE_COMPILATION_CONDITIONS = DEBUG;
				SWIFT_OPTIMIZATION_LEVEL = "-Onone";
			};
			name = Debug;
		};
		C4EDCCBE26883C3200DC397B /* Release */ = {
			isa = XCBuildConfiguration;
			buildSettings = {
				ALWAYS_SEARCH_USER_PATHS = NO;
				CLANG_ANALYZER_NONNULL = YES;
				CLANG_ANALYZER_NUMBER_OBJECT_CONVERSION = YES_AGGRESSIVE;
				CLANG_CXX_LANGUAGE_STANDARD = "gnu++14";
				CLANG_CXX_LIBRARY = "libc++";
				CLANG_ENABLE_MODULES = YES;
				CLANG_ENABLE_OBJC_ARC = YES;
				CLANG_ENABLE_OBJC_WEAK = YES;
				CLANG_WARN_BLOCK_CAPTURE_AUTORELEASING = YES;
				CLANG_WARN_BOOL_CONVERSION = YES;
				CLANG_WARN_COMMA = YES;
				CLANG_WARN_CONSTANT_CONVERSION = YES;
				CLANG_WARN_DEPRECATED_OBJC_IMPLEMENTATIONS = YES;
				CLANG_WARN_DIRECT_OBJC_ISA_USAGE = YES_ERROR;
				CLANG_WARN_DOCUMENTATION_COMMENTS = YES;
				CLANG_WARN_EMPTY_BODY = YES;
				CLANG_WARN_ENUM_CONVERSION = YES;
				CLANG_WARN_INFINITE_RECURSION = YES;
				CLANG_WARN_INT_CONVERSION = YES;
				CLANG_WARN_NON_LITERAL_NULL_CONVERSION = YES;
				CLANG_WARN_OBJC_IMPLICIT_RETAIN_SELF = YES;
				CLANG_WARN_OBJC_LITERAL_CONVERSION = YES;
				CLANG_WARN_OBJC_ROOT_CLASS = YES_ERROR;
				CLANG_WARN_QUOTED_INCLUDE_IN_FRAMEWORK_HEADER = YES;
				CLANG_WARN_RANGE_LOOP_ANALYSIS = YES;
				CLANG_WARN_STRICT_PROTOTYPES = YES;
				CLANG_WARN_SUSPICIOUS_MOVE = YES;
				CLANG_WARN_UNGUARDED_AVAILABILITY = YES_AGGRESSIVE;
				CLANG_WARN_UNREACHABLE_CODE = YES;
				CLANG_WARN__DUPLICATE_METHOD_MATCH = YES;
				COPY_PHASE_STRIP = NO;
				DEBUG_INFORMATION_FORMAT = "dwarf-with-dsym";
				ENABLE_NS_ASSERTIONS = NO;
				ENABLE_STRICT_OBJC_MSGSEND = YES;
				GCC_C_LANGUAGE_STANDARD = gnu11;
				GCC_NO_COMMON_BLOCKS = YES;
				GCC_WARN_64_TO_32_BIT_CONVERSION = YES;
				GCC_WARN_ABOUT_RETURN_TYPE = YES_ERROR;
				GCC_WARN_UNDECLARED_SELECTOR = YES;
				GCC_WARN_UNINITIALIZED_AUTOS = YES_AGGRESSIVE;
				GCC_WARN_UNUSED_FUNCTION = YES;
				GCC_WARN_UNUSED_VARIABLE = YES;
				IPHONEOS_DEPLOYMENT_TARGET = 14.3;
				MTL_ENABLE_DEBUG_INFO = NO;
				MTL_FAST_MATH = YES;
				SDKROOT = iphoneos;
				SWIFT_COMPILATION_MODE = wholemodule;
				SWIFT_OPTIMIZATION_LEVEL = "-O";
				VALIDATE_PRODUCT = YES;
			};
			name = Release;
		};
		C4EDCCC026883C3200DC397B /* Debug */ = {
			isa = XCBuildConfiguration;
			buildSettings = {
				ASSETCATALOG_COMPILER_APPICON_NAME = AppIcon;
				ASSETCATALOG_COMPILER_GLOBAL_ACCENT_COLOR_NAME = AccentColor;
				CODE_SIGN_STYLE = Automatic;
				INFOPLIST_FILE = WorldTrotter/Info.plist;
				LD_RUNPATH_SEARCH_PATHS = (
					"$(inherited)",
					"@executable_path/Frameworks",
				);
				PRODUCT_BUNDLE_IDENTIFIER = com.learn.WorldTrotter;
				PRODUCT_NAME = "$(TARGET_NAME)";
				SWIFT_VERSION = 5.0;
				TARGETED_DEVICE_FAMILY = 1;
			};
			name = Debug;
		};
		C4EDCCC126883C3200DC397B /* Release */ = {
			isa = XCBuildConfiguration;
			buildSettings = {
				ASSETCATALOG_COMPILER_APPICON_NAME = AppIcon;
				ASSETCATALOG_COMPILER_GLOBAL_ACCENT_COLOR_NAME = AccentColor;
				CODE_SIGN_STYLE = Automatic;
				INFOPLIST_FILE = WorldTrotter/Info.plist;
				LD_RUNPATH_SEARCH_PATHS = (
					"$(inherited)",
					"@executable_path/Frameworks",
				);
				PRODUCT_BUNDLE_IDENTIFIER = com.learn.WorldTrotter;
				PRODUCT_NAME = "$(TARGET_NAME)";
				SWIFT_VERSION = 5.0;
				TARGETED_DEVICE_FAMILY = 1;
			};
			name = Release;
		};
		C4EDCCC326883C3200DC397B /* Debug */ = {
			isa = XCBuildConfiguration;
			buildSettings = {
				ALWAYS_EMBED_SWIFT_STANDARD_LIBRARIES = YES;
				BUNDLE_LOADER = "$(TEST_HOST)";
				CODE_SIGN_STYLE = Automatic;
				INFOPLIST_FILE = WorldTrotterTests/Info.plist;
				IPHONEOS_DEPLOYMENT_TARGET = 14.3;
				LD_RUNPATH_SEARCH_PATHS = (
					"$(inherited)",
					"@executable_path/Frameworks",
					"@loader_path/Frameworks",
				);
				PRODUCT_BUNDLE_IDENTIFIER = com.learn.WorldTrotterTests;
				PRODUCT_NAME = "$(TARGET_NAME)";
				SWIFT_VERSION = 5.0;
				TARGETED_DEVICE_FAMILY = "1,2";
				TEST_HOST = "$(BUILT_PRODUCTS_DIR)/WorldTrotter.app/WorldTrotter";
			};
			name = Debug;
		};
		C4EDCCC426883C3200DC397B /* Release */ = {
			isa = XCBuildConfiguration;
			buildSettings = {
				ALWAYS_EMBED_SWIFT_STANDARD_LIBRARIES = YES;
				BUNDLE_LOADER = "$(TEST_HOST)";
				CODE_SIGN_STYLE = Automatic;
				INFOPLIST_FILE = WorldTrotterTests/Info.plist;
				IPHONEOS_DEPLOYMENT_TARGET = 14.3;
				LD_RUNPATH_SEARCH_PATHS = (
					"$(inherited)",
					"@executable_path/Frameworks",
					"@loader_path/Frameworks",
				);
				PRODUCT_BUNDLE_IDENTIFIER = com.learn.WorldTrotterTests;
				PRODUCT_NAME = "$(TARGET_NAME)";
				SWIFT_VERSION = 5.0;
				TARGETED_DEVICE_FAMILY = "1,2";
				TEST_HOST = "$(BUILT_PRODUCTS_DIR)/WorldTrotter.app/WorldTrotter";
			};
			name = Release;
		};
		C4EDCCC626883C3200DC397B /* Debug */ = {
			isa = XCBuildConfiguration;
			buildSettings = {
				ALWAYS_EMBED_SWIFT_STANDARD_LIBRARIES = YES;
				CODE_SIGN_STYLE = Automatic;
				INFOPLIST_FILE = WorldTrotterUITests/Info.plist;
				LD_RUNPATH_SEARCH_PATHS = (
					"$(inherited)",
					"@executable_path/Frameworks",
					"@loader_path/Frameworks",
				);
				PRODUCT_BUNDLE_IDENTIFIER = com.learn.WorldTrotterUITests;
				PRODUCT_NAME = "$(TARGET_NAME)";
				SWIFT_VERSION = 5.0;
				TARGETED_DEVICE_FAMILY = "1,2";
				TEST_TARGET_NAME = WorldTrotter;
			};
			name = Debug;
		};
		C4EDCCC726883C3200DC397B /* Release */ = {
			isa = XCBuildConfiguration;
			buildSettings = {
				ALWAYS_EMBED_SWIFT_STANDARD_LIBRARIES = YES;
				CODE_SIGN_STYLE = Automatic;
				INFOPLIST_FILE = WorldTrotterUITests/Info.plist;
				LD_RUNPATH_SEARCH_PATHS = (
					"$(inherited)",
					"@executable_path/Frameworks",
					"@loader_path/Frameworks",
				);
				PRODUCT_BUNDLE_IDENTIFIER = com.learn.WorldTrotterUITests;
				PRODUCT_NAME = "$(TARGET_NAME)";
				SWIFT_VERSION = 5.0;
				TARGETED_DEVICE_FAMILY = "1,2";
				TEST_TARGET_NAME = WorldTrotter;
			};
			name = Release;
		};
/* End XCBuildConfiguration section */

/* Begin XCConfigurationList section */
		C4EDCC9026883C3100DC397B /* Build configuration list for PBXProject "WorldTrotter" */ = {
			isa = XCConfigurationList;
			buildConfigurations = (
				C4EDCCBD26883C3200DC397B /* Debug */,
				C4EDCCBE26883C3200DC397B /* Release */,
			);
			defaultConfigurationIsVisible = 0;
			defaultConfigurationName = Release;
		};
		C4EDCCBF26883C3200DC397B /* Build configuration list for PBXNativeTarget "WorldTrotter" */ = {
			isa = XCConfigurationList;
			buildConfigurations = (
				C4EDCCC026883C3200DC397B /* Debug */,
				C4EDCCC126883C3200DC397B /* Release */,
			);
			defaultConfigurationIsVisible = 0;
			defaultConfigurationName = Release;
		};
		C4EDCCC226883C3200DC397B /* Build configuration list for PBXNativeTarget "WorldTrotterTests" */ = {
			isa = XCConfigurationList;
			buildConfigurations = (
				C4EDCCC326883C3200DC397B /* Debug */,
				C4EDCCC426883C3200DC397B /* Release */,
			);
			defaultConfigurationIsVisible = 0;
			defaultConfigurationName = Release;
		};
		C4EDCCC526883C3200DC397B /* Build configuration list for PBXNativeTarget "WorldTrotterUITests" */ = {
			isa = XCConfigurationList;
			buildConfigurations = (
				C4EDCCC626883C3200DC397B /* Debug */,
				C4EDCCC726883C3200DC397B /* Release */,
			);
			defaultConfigurationIsVisible = 0;
			defaultConfigurationName = Release;
		};
/* End XCConfigurationList section */
	};
	rootObject = C4EDCC8D26883C3100DC397B /* Project object */;
}
