// !$*UTF8*$!
{
	archiveVersion = 1;
	classes = {
	};
	objectVersion = 50;
	objects = {

/* Begin PBXBuildFile section */
		C44CB98A2634103000B842E7 /* AppDelegate.swift in Sources */ = {isa = PBXBuildFile; fileRef = C44CB9892634103000B842E7 /* AppDelegate.swift */; };
		C44CB98C2634103000B842E7 /* SceneDelegate.swift in Sources */ = {isa = PBXBuildFile; fileRef = C44CB98B2634103000B842E7 /* SceneDelegate.swift */; };
		C44CB98E2634103000B842E7 /* ViewController.swift in Sources */ = {isa = PBXBuildFile; fileRef = C44CB98D2634103000B842E7 /* ViewController.swift */; };
		C44CB9912634103000B842E7 /* Main.storyboard in Resources */ = {isa = PBXBuildFile; fileRef = C44CB98F2634103000B842E7 /* Main.storyboard */; };
		C44CB9932634103100B842E7 /* Assets.xcassets in Resources */ = {isa = PBXBuildFile; fileRef = C44CB9922634103100B842E7 /* Assets.xcassets */; };
		C44CB9962634103100B842E7 /* LaunchScreen.storyboard in Resources */ = {isa = PBXBuildFile; fileRef = C44CB9942634103100B842E7 /* LaunchScreen.storyboard */; };
		C44CB9A12634103100B842E7 /* QuizTests.swift in Sources */ = {isa = PBXBuildFile; fileRef = C44CB9A02634103100B842E7 /* QuizTests.swift */; };
		C44CB9AC2634103100B842E7 /* QuizUITests.swift in Sources */ = {isa = PBXBuildFile; fileRef = C44CB9AB2634103100B842E7 /* QuizUITests.swift */; };
/* End PBXBuildFile section */

/* Begin PBXContainerItemProxy section */
		C44CB99D2634103100B842E7 /* PBXContainerItemProxy */ = {
			isa = PBXContainerItemProxy;
			containerPortal = C44CB97E2634103000B842E7 /* Project object */;
			proxyType = 1;
			remoteGlobalIDString = C44CB9852634103000B842E7;
			remoteInfo = Quiz;
		};
		C44CB9A82634103100B842E7 /* PBXContainerItemProxy */ = {
			isa = PBXContainerItemProxy;
			containerPortal = C44CB97E2634103000B842E7 /* Project object */;
			proxyType = 1;
			remoteGlobalIDString = C44CB9852634103000B842E7;
			remoteInfo = Quiz;
		};
/* End PBXContainerItemProxy section */

/* Begin PBXFileReference section */
		C44CB9862634103000B842E7 /* Quiz.app */ = {isa = PBXFileReference; explicitFileType = wrapper.application; includeInIndex = 0; path = Quiz.app; sourceTree = BUILT_PRODUCTS_DIR; };
		C44CB9892634103000B842E7 /* AppDelegate.swift */ = {isa = PBXFileReference; lastKnownFileType = sourcecode.swift; path = AppDelegate.swift; sourceTree = "<group>"; };
		C44CB98B2634103000B842E7 /* SceneDelegate.swift */ = {isa = PBXFileReference; lastKnownFileType = sourcecode.swift; path = SceneDelegate.swift; sourceTree = "<group>"; };
		C44CB98D2634103000B842E7 /* ViewController.swift */ = {isa = PBXFileReference; lastKnownFileType = sourcecode.swift; path = ViewController.swift; sourceTree = "<group>"; };
		C44CB9902634103000B842E7 /* Base */ = {isa = PBXFileReference; lastKnownFileType = file.storyboard; name = Base; path = Base.lproj/Main.storyboard; sourceTree = "<group>"; };
		C44CB9922634103100B842E7 /* Assets.xcassets */ = {isa = PBXFileReference; lastKnownFileType = folder.assetcatalog; path = Assets.xcassets; sourceTree = "<group>"; };
		C44CB9952634103100B842E7 /* Base */ = {isa = PBXFileReference; lastKnownFileType = file.storyboard; name = Base; path = Base.lproj/LaunchScreen.storyboard; sourceTree = "<group>"; };
		C44CB9972634103100B842E7 /* Info.plist */ = {isa = PBXFileReference; lastKnownFileType = text.plist.xml; path = Info.plist; sourceTree = "<group>"; };
		C44CB99C2634103100B842E7 /* QuizTests.xctest */ = {isa = PBXFileReference; explicitFileType = wrapper.cfbundle; includeInIndex = 0; path = QuizTests.xctest; sourceTree = BUILT_PRODUCTS_DIR; };
		C44CB9A02634103100B842E7 /* QuizTests.swift */ = {isa = PBXFileReference; lastKnownFileType = sourcecode.swift; path = QuizTests.swift; sourceTree = "<group>"; };
		C44CB9A22634103100B842E7 /* Info.plist */ = {isa = PBXFileReference; lastKnownFileType = text.plist.xml; path = Info.plist; sourceTree = "<group>"; };
		C44CB9A72634103100B842E7 /* QuizUITests.xctest */ = {isa = PBXFileReference; explicitFileType = wrapper.cfbundle; includeInIndex = 0; path = QuizUITests.xctest; sourceTree = BUILT_PRODUCTS_DIR; };
		C44CB9AB2634103100B842E7 /* QuizUITests.swift */ = {isa = PBXFileReference; lastKnownFileType = sourcecode.swift; path = QuizUITests.swift; sourceTree = "<group>"; };
		C44CB9AD2634103100B842E7 /* Info.plist */ = {isa = PBXFileReference; lastKnownFileType = text.plist.xml; path = Info.plist; sourceTree = "<group>"; };
/* End PBXFileReference section */

/* Begin PBXFrameworksBuildPhase section */
		C44CB9832634103000B842E7 /* Frameworks */ = {
			isa = PBXFrameworksBuildPhase;
			buildActionMask = 2147483647;
			files = (
			);
			runOnlyForDeploymentPostprocessing = 0;
		};
		C44CB9992634103100B842E7 /* Frameworks */ = {
			isa = PBXFrameworksBuildPhase;
			buildActionMask = 2147483647;
			files = (
			);
			runOnlyForDeploymentPostprocessing = 0;
		};
		C44CB9A42634103100B842E7 /* Frameworks */ = {
			isa = PBXFrameworksBuildPhase;
			buildActionMask = 2147483647;
			files = (
			);
			runOnlyForDeploymentPostprocessing = 0;
		};
/* End PBXFrameworksBuildPhase section */

/* Begin PBXGroup section */
		C44CB97D2634103000B842E7 = {
			isa = PBXGroup;
			children = (
				C44CB9882634103000B842E7 /* Quiz */,
				C44CB99F2634103100B842E7 /* QuizTests */,
				C44CB9AA2634103100B842E7 /* QuizUITests */,
				C44CB9872634103000B842E7 /* Products */,
			);
			sourceTree = "<group>";
		};
		C44CB9872634103000B842E7 /* Products */ = {
			isa = PBXGroup;
			children = (
				C44CB9862634103000B842E7 /* Quiz.app */,
				C44CB99C2634103100B842E7 /* QuizTests.xctest */,
				C44CB9A72634103100B842E7 /* QuizUITests.xctest */,
			);
			name = Products;
			sourceTree = "<group>";
		};
		C44CB9882634103000B842E7 /* Quiz */ = {
			isa = PBXGroup;
			children = (
				C44CB9892634103000B842E7 /* AppDelegate.swift */,
				C44CB98B2634103000B842E7 /* SceneDelegate.swift */,
				C44CB98D2634103000B842E7 /* ViewController.swift */,
				C44CB98F2634103000B842E7 /* Main.storyboard */,
				C44CB9922634103100B842E7 /* Assets.xcassets */,
				C44CB9942634103100B842E7 /* LaunchScreen.storyboard */,
				C44CB9972634103100B842E7 /* Info.plist */,
			);
			path = Quiz;
			sourceTree = "<group>";
		};
		C44CB99F2634103100B842E7 /* QuizTests */ = {
			isa = PBXGroup;
			children = (
				C44CB9A02634103100B842E7 /* QuizTests.swift */,
				C44CB9A22634103100B842E7 /* Info.plist */,
			);
			path = QuizTests;
			sourceTree = "<group>";
		};
		C44CB9AA2634103100B842E7 /* QuizUITests */ = {
			isa = PBXGroup;
			children = (
				C44CB9AB2634103100B842E7 /* QuizUITests.swift */,
				C44CB9AD2634103100B842E7 /* Info.plist */,
			);
			path = QuizUITests;
			sourceTree = "<group>";
		};
/* End PBXGroup section */

/* Begin PBXNativeTarget section */
		C44CB9852634103000B842E7 /* Quiz */ = {
			isa = PBXNativeTarget;
			buildConfigurationList = C44CB9B02634103100B842E7 /* Build configuration list for PBXNativeTarget "Quiz" */;
			buildPhases = (
				C44CB9822634103000B842E7 /* Sources */,
				C44CB9832634103000B842E7 /* Frameworks */,
				C44CB9842634103000B842E7 /* Resources */,
			);
			buildRules = (
			);
			dependencies = (
			);
			name = Quiz;
			productName = Quiz;
			productReference = C44CB9862634103000B842E7 /* Quiz.app */;
			productType = "com.apple.product-type.application";
		};
		C44CB99B2634103100B842E7 /* QuizTests */ = {
			isa = PBXNativeTarget;
			buildConfigurationList = C44CB9B32634103100B842E7 /* Build configuration list for PBXNativeTarget "QuizTests" */;
			buildPhases = (
				C44CB9982634103100B842E7 /* Sources */,
				C44CB9992634103100B842E7 /* Frameworks */,
				C44CB99A2634103100B842E7 /* Resources */,
			);
			buildRules = (
			);
			dependencies = (
				C44CB99E2634103100B842E7 /* PBXTargetDependency */,
			);
			name = QuizTests;
			productName = QuizTests;
			productReference = C44CB99C2634103100B842E7 /* QuizTests.xctest */;
			productType = "com.apple.product-type.bundle.unit-test";
		};
		C44CB9A62634103100B842E7 /* QuizUITests */ = {
			isa = PBXNativeTarget;
			buildConfigurationList = C44CB9B62634103100B842E7 /* Build configuration list for PBXNativeTarget "QuizUITests" */;
			buildPhases = (
				C44CB9A32634103100B842E7 /* Sources */,
				C44CB9A42634103100B842E7 /* Frameworks */,
				C44CB9A52634103100B842E7 /* Resources */,
			);
			buildRules = (
			);
			dependencies = (
				C44CB9A92634103100B842E7 /* PBXTargetDependency */,
			);
			name = QuizUITests;
			productName = QuizUITests;
			productReference = C44CB9A72634103100B842E7 /* QuizUITests.xctest */;
			productType = "com.apple.product-type.bundle.ui-testing";
		};
/* End PBXNativeTarget section */

/* Begin PBXProject section */
		C44CB97E2634103000B842E7 /* Project object */ = {
			isa = PBXProject;
			attributes = {
				LastSwiftUpdateCheck = 1230;
				LastUpgradeCheck = 1230;
				TargetAttributes = {
					C44CB9852634103000B842E7 = {
						CreatedOnToolsVersion = 12.3;
					};
					C44CB99B2634103100B842E7 = {
						CreatedOnToolsVersion = 12.3;
						TestTargetID = C44CB9852634103000B842E7;
					};
					C44CB9A62634103100B842E7 = {
						CreatedOnToolsVersion = 12.3;
						TestTargetID = C44CB9852634103000B842E7;
					};
				};
			};
			buildConfigurationList = C44CB9812634103000B842E7 /* Build configuration list for PBXProject "Quiz" */;
			compatibilityVersion = "Xcode 9.3";
			developmentRegion = en;
			hasScannedForEncodings = 0;
			knownRegions = (
				en,
				Base,
			);
			mainGroup = C44CB97D2634103000B842E7;
			productRefGroup = C44CB9872634103000B842E7 /* Products */;
			projectDirPath = "";
			projectRoot = "";
			targets = (
				C44CB9852634103000B842E7 /* Quiz */,
				C44CB99B2634103100B842E7 /* QuizTests */,
				C44CB9A62634103100B842E7 /* QuizUITests */,
			);
		};
/* End PBXProject section */

/* Begin PBXResourcesBuildPhase section */
		C44CB9842634103000B842E7 /* Resources */ = {
			isa = PBXResourcesBuildPhase;
			buildActionMask = 2147483647;
			files = (
				C44CB9962634103100B842E7 /* LaunchScreen.storyboard in Resources */,
				C44CB9932634103100B842E7 /* Assets.xcassets in Resources */,
				C44CB9912634103000B842E7 /* Main.storyboard in Resources */,
			);
			runOnlyForDeploymentPostprocessing = 0;
		};
		C44CB99A2634103100B842E7 /* Resources */ = {
			isa = PBXResourcesBuildPhase;
			buildActionMask = 2147483647;
			files = (
			);
			runOnlyForDeploymentPostprocessing = 0;
		};
		C44CB9A52634103100B842E7 /* Resources */ = {
			isa = PBXResourcesBuildPhase;
			buildActionMask = 2147483647;
			files = (
			);
			runOnlyForDeploymentPostprocessing = 0;
		};
/* End PBXResourcesBuildPhase section */

/* Begin PBXSourcesBuildPhase section */
		C44CB9822634103000B842E7 /* Sources */ = {
			isa = PBXSourcesBuildPhase;
			buildActionMask = 2147483647;
			files = (
				C44CB98E2634103000B842E7 /* ViewController.swift in Sources */,
				C44CB98A2634103000B842E7 /* AppDelegate.swift in Sources */,
				C44CB98C2634103000B842E7 /* SceneDelegate.swift in Sources */,
			);
			runOnlyForDeploymentPostprocessing = 0;
		};
		C44CB9982634103100B842E7 /* Sources */ = {
			isa = PBXSourcesBuildPhase;
			buildActionMask = 2147483647;
			files = (
				C44CB9A12634103100B842E7 /* QuizTests.swift in Sources */,
			);
			runOnlyForDeploymentPostprocessing = 0;
		};
		C44CB9A32634103100B842E7 /* Sources */ = {
			isa = PBXSourcesBuildPhase;
			buildActionMask = 2147483647;
			files = (
				C44CB9AC2634103100B842E7 /* QuizUITests.swift in Sources */,
			);
			runOnlyForDeploymentPostprocessing = 0;
		};
/* End PBXSourcesBuildPhase section */

/* Begin PBXTargetDependency section */
		C44CB99E2634103100B842E7 /* PBXTargetDependency */ = {
			isa = PBXTargetDependency;
			target = C44CB9852634103000B842E7 /* Quiz */;
			targetProxy = C44CB99D2634103100B842E7 /* PBXContainerItemProxy */;
		};
		C44CB9A92634103100B842E7 /* PBXTargetDependency */ = {
			isa = PBXTargetDependency;
			target = C44CB9852634103000B842E7 /* Quiz */;
			targetProxy = C44CB9A82634103100B842E7 /* PBXContainerItemProxy */;
		};
/* End PBXTargetDependency section */

/* Begin PBXVariantGroup section */
		C44CB98F2634103000B842E7 /* Main.storyboard */ = {
			isa = PBXVariantGroup;
			children = (
				C44CB9902634103000B842E7 /* Base */,
			);
			name = Main.storyboard;
			sourceTree = "<group>";
		};
		C44CB9942634103100B842E7 /* LaunchScreen.storyboard */ = {
			isa = PBXVariantGroup;
			children = (
				C44CB9952634103100B842E7 /* Base */,
			);
			name = LaunchScreen.storyboard;
			sourceTree = "<group>";
		};
/* End PBXVariantGroup section */

/* Begin XCBuildConfiguration section */
		C44CB9AE2634103100B842E7 /* Debug */ = {
			isa = XCBuildConfiguration;
			buildSettings = {
				ALWAYS_SEARCH_USER_PATHS = NO;
				CLANG_ANALYZER_NONNULL = YES;
				CLANG_ANALYZER_NUMBER_OBJECT_CONVERSION = YES_AGGRESSIVE;
				CLANG_CXX_LANGUAGE_STANDARD = "gnu++14";
				CLANG_CXX_LIBRARY = "libc++";
				CLANG_ENABLE_MODULES = YES;
				CLANG_ENABLE_OBJC_ARC = YES;
				CLANG_ENABLE_OBJC_WEAK = YES;
				CLANG_WARN_BLOCK_CAPTURE_AUTORELEASING = YES;
				CLANG_WARN_BOOL_CONVERSION = YES;
				CLANG_WARN_COMMA = YES;
				CLANG_WARN_CONSTANT_CONVERSION = YES;
				CLANG_WARN_DEPRECATED_OBJC_IMPLEMENTATIONS = YES;
				CLANG_WARN_DIRECT_OBJC_ISA_USAGE = YES_ERROR;
				CLANG_WARN_DOCUMENTATION_COMMENTS = YES;
				CLANG_WARN_EMPTY_BODY = YES;
				CLANG_WARN_ENUM_CONVERSION = YES;
				CLANG_WARN_INFINITE_RECURSION = YES;
				CLANG_WARN_INT_CONVERSION = YES;
				CLANG_WARN_NON_LITERAL_NULL_CONVERSION = YES;
				CLANG_WARN_OBJC_IMPLICIT_RETAIN_SELF = YES;
				CLANG_WARN_OBJC_LITERAL_CONVERSION = YES;
				CLANG_WARN_OBJC_ROOT_CLASS = YES_ERROR;
				CLANG_WARN_QUOTED_INCLUDE_IN_FRAMEWORK_HEADER = YES;
				CLANG_WARN_RANGE_LOOP_ANALYSIS = YES;
				CLANG_WARN_STRICT_PROTOTYPES = YES;
				CLANG_WARN_SUSPICIOUS_MOVE = YES;
				CLANG_WARN_UNGUARDED_AVAILABILITY = YES_AGGRESSIVE;
				CLANG_WARN_UNREACHABLE_CODE = YES;
				CLANG_WARN__DUPLICATE_METHOD_MATCH = YES;
				COPY_PHASE_STRIP = NO;
				DEBUG_INFORMATION_FORMAT = dwarf;
				ENABLE_STRICT_OBJC_MSGSEND = YES;
				ENABLE_TESTABILITY = YES;
				GCC_C_LANGUAGE_STANDARD = gnu11;
				GCC_DYNAMIC_NO_PIC = NO;
				GCC_NO_COMMON_BLOCKS = YES;
				GCC_OPTIMIZATION_LEVEL = 0;
				GCC_PREPROCESSOR_DEFINITIONS = (
					"DEBUG=1",
					"$(inherited)",
				);
				GCC_WARN_64_TO_32_BIT_CONVERSION = YES;
				GCC_WARN_ABOUT_RETURN_TYPE = YES_ERROR;
				GCC_WARN_UNDECLARED_SELECTOR = YES;
				GCC_WARN_UNINITIALIZED_AUTOS = YES_AGGRESSIVE;
				GCC_WARN_UNUSED_FUNCTION = YES;
				GCC_WARN_UNUSED_VARIABLE = YES;
				IPHONEOS_DEPLOYMENT_TARGET = 14.3;
				MTL_ENABLE_DEBUG_INFO = INCLUDE_SOURCE;
				MTL_FAST_MATH = YES;
				ONLY_ACTIVE_ARCH = YES;
				SDKROOT = iphoneos;
				SWIFT_ACTIVE_COMPILATION_CONDITIONS = DEBUG;
				SWIFT_OPTIMIZATION_LEVEL = "-Onone";
			};
			name = Debug;
		};
		C44CB9AF2634103100B842E7 /* Release */ = {
			isa = XCBuildConfiguration;
			buildSettings = {
				ALWAYS_SEARCH_USER_PATHS = NO;
				CLANG_ANALYZER_NONNULL = YES;
				CLANG_ANALYZER_NUMBER_OBJECT_CONVERSION = YES_AGGRESSIVE;
				CLANG_CXX_LANGUAGE_STANDARD = "gnu++14";
				CLANG_CXX_LIBRARY = "libc++";
				CLANG_ENABLE_MODULES = YES;
				CLANG_ENABLE_OBJC_ARC = YES;
				CLANG_ENABLE_OBJC_WEAK = YES;
				CLANG_WARN_BLOCK_CAPTURE_AUTORELEASING = YES;
				CLANG_WARN_BOOL_CONVERSION = YES;
				CLANG_WARN_COMMA = YES;
				CLANG_WARN_CONSTANT_CONVERSION = YES;
				CLANG_WARN_DEPRECATED_OBJC_IMPLEMENTATIONS = YES;
				CLANG_WARN_DIRECT_OBJC_ISA_USAGE = YES_ERROR;
				CLANG_WARN_DOCUMENTATION_COMMENTS = YES;
				CLANG_WARN_EMPTY_BODY = YES;
				CLANG_WARN_ENUM_CONVERSION = YES;
				CLANG_WARN_INFINITE_RECURSION = YES;
				CLANG_WARN_INT_CONVERSION = YES;
				CLANG_WARN_NON_LITERAL_NULL_CONVERSION = YES;
				CLANG_WARN_OBJC_IMPLICIT_RETAIN_SELF = YES;
				CLANG_WARN_OBJC_LITERAL_CONVERSION = YES;
				CLANG_WARN_OBJC_ROOT_CLASS = YES_ERROR;
				CLANG_WARN_QUOTED_INCLUDE_IN_FRAMEWORK_HEADER = YES;
				CLANG_WARN_RANGE_LOOP_ANALYSIS = YES;
				CLANG_WARN_STRICT_PROTOTYPES = YES;
				CLANG_WARN_SUSPICIOUS_MOVE = YES;
				CLANG_WARN_UNGUARDED_AVAILABILITY = YES_AGGRESSIVE;
				CLANG_WARN_UNREACHABLE_CODE = YES;
				CLANG_WARN__DUPLICATE_METHOD_MATCH = YES;
				COPY_PHASE_STRIP = NO;
				DEBUG_INFORMATION_FORMAT = "dwarf-with-dsym";
				ENABLE_NS_ASSERTIONS = NO;
				ENABLE_STRICT_OBJC_MSGSEND = YES;
				GCC_C_LANGUAGE_STANDARD = gnu11;
				GCC_NO_COMMON_BLOCKS = YES;
				GCC_WARN_64_TO_32_BIT_CONVERSION = YES;
				GCC_WARN_ABOUT_RETURN_TYPE = YES_ERROR;
				GCC_WARN_UNDECLARED_SELECTOR = YES;
				GCC_WARN_UNINITIALIZED_AUTOS = YES_AGGRESSIVE;
				GCC_WARN_UNUSED_FUNCTION = YES;
				GCC_WARN_UNUSED_VARIABLE = YES;
				IPHONEOS_DEPLOYMENT_TARGET = 14.3;
				MTL_ENABLE_DEBUG_INFO = NO;
				MTL_FAST_MATH = YES;
				SDKROOT = iphoneos;
				SWIFT_COMPILATION_MODE = wholemodule;
				SWIFT_OPTIMIZATION_LEVEL = "-O";
				VALIDATE_PRODUCT = YES;
			};
			name = Release;
		};
		C44CB9B12634103100B842E7 /* Debug */ = {
			isa = XCBuildConfiguration;
			buildSettings = {
				ASSETCATALOG_COMPILER_APPICON_NAME = AppIcon;
				ASSETCATALOG_COMPILER_GLOBAL_ACCENT_COLOR_NAME = AccentColor;
				CODE_SIGN_STYLE = Automatic;
				DEVELOPMENT_TEAM = FTTK4PXQ28;
				INFOPLIST_FILE = Quiz/Info.plist;
				LD_RUNPATH_SEARCH_PATHS = (
					"$(inherited)",
					"@executable_path/Frameworks",
				);
				PRODUCT_BUNDLE_IDENTIFIER = com.learn.Quiz;
				PRODUCT_NAME = "$(TARGET_NAME)";
				SWIFT_VERSION = 5.0;
				TARGETED_DEVICE_FAMILY = "1,2";
			};
			name = Debug;
		};
		C44CB9B22634103100B842E7 /* Release */ = {
			isa = XCBuildConfiguration;
			buildSettings = {
				ASSETCATALOG_COMPILER_APPICON_NAME = AppIcon;
				ASSETCATALOG_COMPILER_GLOBAL_ACCENT_COLOR_NAME = AccentColor;
				CODE_SIGN_STYLE = Automatic;
				DEVELOPMENT_TEAM = FTTK4PXQ28;
				INFOPLIST_FILE = Quiz/Info.plist;
				LD_RUNPATH_SEARCH_PATHS = (
					"$(inherited)",
					"@executable_path/Frameworks",
				);
				PRODUCT_BUNDLE_IDENTIFIER = com.learn.Quiz;
				PRODUCT_NAME = "$(TARGET_NAME)";
				SWIFT_VERSION = 5.0;
				TARGETED_DEVICE_FAMILY = "1,2";
			};
			name = Release;
		};
		C44CB9B42634103100B842E7 /* Debug */ = {
			isa = XCBuildConfiguration;
			buildSettings = {
				ALWAYS_EMBED_SWIFT_STANDARD_LIBRARIES = YES;
				BUNDLE_LOADER = "$(TEST_HOST)";
				CODE_SIGN_STYLE = Automatic;
				INFOPLIST_FILE = QuizTests/Info.plist;
				IPHONEOS_DEPLOYMENT_TARGET = 14.3;
				LD_RUNPATH_SEARCH_PATHS = (
					"$(inherited)",
					"@executable_path/Frameworks",
					"@loader_path/Frameworks",
				);
				PRODUCT_BUNDLE_IDENTIFIER = com.learn.QuizTests;
				PRODUCT_NAME = "$(TARGET_NAME)";
				SWIFT_VERSION = 5.0;
				TARGETED_DEVICE_FAMILY = "1,2";
				TEST_HOST = "$(BUILT_PRODUCTS_DIR)/Quiz.app/Quiz";
			};
			name = Debug;
		};
		C44CB9B52634103100B842E7 /* Release */ = {
			isa = XCBuildConfiguration;
			buildSettings = {
				ALWAYS_EMBED_SWIFT_STANDARD_LIBRARIES = YES;
				BUNDLE_LOADER = "$(TEST_HOST)";
				CODE_SIGN_STYLE = Automatic;
				INFOPLIST_FILE = QuizTests/Info.plist;
				IPHONEOS_DEPLOYMENT_TARGET = 14.3;
				LD_RUNPATH_SEARCH_PATHS = (
					"$(inherited)",
					"@executable_path/Frameworks",
					"@loader_path/Frameworks",
				);
				PRODUCT_BUNDLE_IDENTIFIER = com.learn.QuizTests;
				PRODUCT_NAME = "$(TARGET_NAME)";
				SWIFT_VERSION = 5.0;
				TARGETED_DEVICE_FAMILY = "1,2";
				TEST_HOST = "$(BUILT_PRODUCTS_DIR)/Quiz.app/Quiz";
			};
			name = Release;
		};
		C44CB9B72634103100B842E7 /* Debug */ = {
			isa = XCBuildConfiguration;
			buildSettings = {
				ALWAYS_EMBED_SWIFT_STANDARD_LIBRARIES = YES;
				CODE_SIGN_STYLE = Automatic;
				INFOPLIST_FILE = QuizUITests/Info.plist;
				LD_RUNPATH_SEARCH_PATHS = (
					"$(inherited)",
					"@executable_path/Frameworks",
					"@loader_path/Frameworks",
				);
				PRODUCT_BUNDLE_IDENTIFIER = com.learn.QuizUITests;
				PRODUCT_NAME = "$(TARGET_NAME)";
				SWIFT_VERSION = 5.0;
				TARGETED_DEVICE_FAMILY = "1,2";
				TEST_TARGET_NAME = Quiz;
			};
			name = Debug;
		};
		C44CB9B82634103100B842E7 /* Release */ = {
			isa = XCBuildConfiguration;
			buildSettings = {
				ALWAYS_EMBED_SWIFT_STANDARD_LIBRARIES = YES;
				CODE_SIGN_STYLE = Automatic;
				INFOPLIST_FILE = QuizUITests/Info.plist;
				LD_RUNPATH_SEARCH_PATHS = (
					"$(inherited)",
					"@executable_path/Frameworks",
					"@loader_path/Frameworks",
				);
				PRODUCT_BUNDLE_IDENTIFIER = com.learn.QuizUITests;
				PRODUCT_NAME = "$(TARGET_NAME)";
				SWIFT_VERSION = 5.0;
				TARGETED_DEVICE_FAMILY = "1,2";
				TEST_TARGET_NAME = Quiz;
			};
			name = Release;
		};
/* End XCBuildConfiguration section */

/* Begin XCConfigurationList section */
		C44CB9812634103000B842E7 /* Build configuration list for PBXProject "Quiz" */ = {
			isa = XCConfigurationList;
			buildConfigurations = (
				C44CB9AE2634103100B842E7 /* Debug */,
				C44CB9AF2634103100B842E7 /* Release */,
			);
			defaultConfigurationIsVisible = 0;
			defaultConfigurationName = Release;
		};
		C44CB9B02634103100B842E7 /* Build configuration list for PBXNativeTarget "Quiz" */ = {
			isa = XCConfigurationList;
			buildConfigurations = (
				C44CB9B12634103100B842E7 /* Debug */,
				C44CB9B22634103100B842E7 /* Release */,
			);
			defaultConfigurationIsVisible = 0;
			defaultConfigurationName = Release;
		};
		C44CB9B32634103100B842E7 /* Build configuration list for PBXNativeTarget "QuizTests" */ = {
			isa = XCConfigurationList;
			buildConfigurations = (
				C44CB9B42634103100B842E7 /* Debug */,
				C44CB9B52634103100B842E7 /* Release */,
			);
			defaultConfigurationIsVisible = 0;
			defaultConfigurationName = Release;
		};
		C44CB9B62634103100B842E7 /* Build configuration list for PBXNativeTarget "QuizUITests" */ = {
			isa = XCConfigurationList;
			buildConfigurations = (
				C44CB9B72634103100B842E7 /* Debug */,
				C44CB9B82634103100B842E7 /* Release */,
			);
			defaultConfigurationIsVisible = 0;
			defaultConfigurationName = Release;
		};
/* End XCConfigurationList section */
	};
	rootObject = C44CB97E2634103000B842E7 /* Project object */;
}
